Microsoft Visual Studio Solution File, Format Version 12.00
# Visual Studio Version 17
VisualStudioVersion = 17.5.2.0
MinimumVisualStudioVersion = 10.0.40219.1
Project("{9A19103F-16F7-4668-BE54-9A1E7A4F7556}") = "Valuator", "Valuator\Valuator.csproj", "{BB3B7AF3-09CB-8246-6EE6-CF385AAB4AA1}"
EndProject
Project("{9A19103F-16F7-4668-BE54-9A1E7A4F7556}") = "RankCalculator", "RankCalculator\RankCalculator.csproj", "{17EC2BE0-D48C-4D3E-ABE6-627474ACA8AD}"
EndProject
Project("{FAE04EC0-301F-11D3-BF4B-00C04F79EFBC}") = "EventsLogger", "EventsLogger\EventsLogger.csproj", "{6D67C132-BD1D-49A8-A788-A90B4ED1345E}"
EndProject
Global
	GlobalSection(SolutionConfigurationPlatforms) = preSolution
		Debug|Any CPU = Debug|Any CPU
		Release|Any CPU = Release|Any CPU
	EndGlobalSection
	GlobalSection(ProjectConfigurationPlatforms) = postSolution
		{BB3B7AF3-09CB-8246-6EE6-CF385AAB4AA1}.Debug|Any CPU.ActiveCfg = Debug|Any CPU
		{BB3B7AF3-09CB-8246-6EE6-CF385AAB4AA1}.Debug|Any CPU.Build.0 = Debug|Any CPU
		{BB3B7AF3-09CB-8246-6EE6-CF385AAB4AA1}.Release|Any CPU.ActiveCfg = Release|Any CPU
		{BB3B7AF3-09CB-8246-6EE6-CF385AAB4AA1}.Release|Any CPU.Build.0 = Release|Any CPU
		{17EC2BE0-D48C-4D3E-ABE6-627474ACA8AD}.Debug|Any CPU.ActiveCfg = Debug|Any CPU
		{17EC2BE0-D48C-4D3E-ABE6-627474ACA8AD}.Debug|Any CPU.Build.0 = Debug|Any CPU
		{17EC2BE0-D48C-4D3E-ABE6-627474ACA8AD}.Release|Any CPU.ActiveCfg = Release|Any CPU
		{17EC2BE0-D48C-4D3E-ABE6-627474ACA8AD}.Release|Any CPU.Build.0 = Release|Any CPU
		{6D67C132-BD1D-49A8-A788-A90B4ED1345E}.Debug|Any CPU.ActiveCfg = Debug|Any CPU
		{6D67C132-BD1D-49A8-A788-A90B4ED1345E}.Debug|Any CPU.Build.0 = Debug|Any CPU
		{6D67C132-BD1D-49A8-A788-A90B4ED1345E}.Release|Any CPU.ActiveCfg = Release|Any CPU
		{6D67C132-BD1D-49A8-A788-A90B4ED1345E}.Release|Any CPU.Build.0 = Release|Any CPU
	EndGlobalSection
	GlobalSection(SolutionProperties) = preSolution
		HideSolutionNode = FALSE
	EndGlobalSection
	GlobalSection(ExtensibilityGlobals) = postSolution
		SolutionGuid = {4E720F55-C9D3-44BC-AFC1-5F0DEFF3FB93}
	EndGlobalSection
EndGlobal
