
Microsoft Visual Studio Solution File, Format Version 12.00
# Visual Studio Version 17
VisualStudioVersion = 17.10.35013.160
MinimumVisualStudioVersion = 10.0.40219.1
Project("{9A19103F-16F7-4668-BE54-9A1E7A4F7556}") = "ProtoKeyAPI", "ProtoKeyAPI\ProtoKeyAPI.csproj", "{695EE542-18E5-4472-95D2-C85078C97093}"
EndProject
Project("{FAE04EC0-301F-11D3-BF4B-00C04F79EFBC}") = "ProtoCli", "ProtoCli\ProtoCli.csproj", "{B1F35847-B019-47F7-B2D0-766D30B540D8}"
EndProject
Global
	GlobalSection(SolutionConfigurationPlatforms) = preSolution
		Debug|Any CPU = Debug|Any CPU
		Release|Any CPU = Release|Any CPU
	EndGlobalSection
	GlobalSection(ProjectConfigurationPlatforms) = postSolution
		{695EE542-18E5-4472-95D2-C85078C97093}.Debug|Any CPU.ActiveCfg = Debug|Any CPU
		{695EE542-18E5-4472-95D2-C85078C97093}.Debug|Any CPU.Build.0 = Debug|Any CPU
		{695EE542-18E5-4472-95D2-C85078C97093}.Release|Any CPU.ActiveCfg = Release|Any CPU
		{695EE542-18E5-4472-95D2-C85078C97093}.Release|Any CPU.Build.0 = Release|Any CPU
		{B1F35847-B019-47F7-B2D0-766D30B540D8}.Debug|Any CPU.ActiveCfg = Debug|Any CPU
		{B1F35847-B019-47F7-B2D0-766D30B540D8}.Debug|Any CPU.Build.0 = Debug|Any CPU
		{B1F35847-B019-47F7-B2D0-766D30B540D8}.Release|Any CPU.ActiveCfg = Release|Any CPU
		{B1F35847-B019-47F7-B2D0-766D30B540D8}.Release|Any CPU.Build.0 = Release|Any CPU
	EndGlobalSection
	GlobalSection(SolutionProperties) = preSolution
		HideSolutionNode = FALSE
	EndGlobalSection
	GlobalSection(ExtensibilityGlobals) = postSolution
		SolutionGuid = {457E2DE9-BB4D-4B35-8970-C79C3D769F94}
	EndGlobalSection
EndGlobal
